{
  "name": "slender",
  "version": "0.2.0-dev",
  "lockfileVersion": 1,
  "requires": true,
  "dependencies": {
    "@fortawesome/fontawesome-free": {
      "version": "5.15.1",
      "resolved": "https://registry.npmjs.org/@fortawesome/fontawesome-free/-/fontawesome-free-5.15.1.tgz",
      "integrity": "sha512-OEdH7SyC1suTdhBGW91/zBfR6qaIhThbcN8PUXtXilY4GYnSBbVqOntdHbC1vXwsDnX0Qix2m2+DSU1J51ybOQ=="
    },
    "halfmoon": {
      "version": "1.1.1",
      "resolved": "https://registry.npmjs.org/halfmoon/-/halfmoon-1.1.1.tgz",
      "integrity": "sha512-w/ydT3CixxxxdJP4a3sqSzUnCJFmhvcqE2vQOIsWCfevpqanKlbGQNUwKJH0nKvo13M89eetM3R0gsTOfNLGHA=="
    }
  }
}
