{
  "name": "slender",
  "version": "0.2.2-dev",
  "lockfileVersion": 1,
  "requires": true,
  "dependencies": {
    "@fortawesome/fontawesome-free": {
      "version": "5.15.2",
      "resolved": "https://registry.npmjs.org/@fortawesome/fontawesome-free/-/fontawesome-free-5.15.2.tgz",
      "integrity": "sha512-7l/AX41m609L/EXI9EKH3Vs3v0iA8tKlIOGtw+kgcoanI7p+e4I4GYLqW3UXWiTnjSFymKSmTTPKYrivzbxxqA=="
    },
    "halfmoon": {
      "version": "1.1.1",
      "resolved": "https://registry.npmjs.org/halfmoon/-/halfmoon-1.1.1.tgz",
      "integrity": "sha512-w/ydT3CixxxxdJP4a3sqSzUnCJFmhvcqE2vQOIsWCfevpqanKlbGQNUwKJH0nKvo13M89eetM3R0gsTOfNLGHA=="
    }
  }
}
